
Microsoft Visual Studio Solution File, Format Version 12.00
# Visual Studio Version 16
VisualStudioVersion = 16.0.30011.22
MinimumVisualStudioVersion = 10.0.40219.1
Project("{888888A0-9F3D-457C-B088-3A5042F75D52}") = "RGZ-UltraSnake", "RGZ-UltraSnake.pyproj", "{08D6FB8E-80A4-45CE-86C9-F99EEA42FBE2}"
EndProject
Global
	GlobalSection(SolutionConfigurationPlatforms) = preSolution
		Debug|Any CPU = Debug|Any CPU
		Release|Any CPU = Release|Any CPU
	EndGlobalSection
	GlobalSection(ProjectConfigurationPlatforms) = postSolution
		{08D6FB8E-80A4-45CE-86C9-F99EEA42FBE2}.Debug|Any CPU.ActiveCfg = Debug|Any CPU
		{08D6FB8E-80A4-45CE-86C9-F99EEA42FBE2}.Release|Any CPU.ActiveCfg = Release|Any CPU
	EndGlobalSection
	GlobalSection(SolutionProperties) = preSolution
		HideSolutionNode = FALSE
	EndGlobalSection
	GlobalSection(ExtensibilityGlobals) = postSolution
		SolutionGuid = {A64992B6-5B16-4B64-B3E0-DEA6FB644B49}
	EndGlobalSection
EndGlobal
